
Microsoft Visual Studio Solution File, Format Version 12.00
# Visual Studio Version 17
VisualStudioVersion = 17.14.36109.1 d17.14
MinimumVisualStudioVersion = 10.0.40219.1
Project("{FAE04EC0-301F-11D3-BF4B-00C04F79EFBC}") = "MOCA_Repositories", "MOCA_Repositories\MOCA_Repositories.csproj", "{B809EE95-00E4-43EC-ACB3-D41FE58768B2}"
EndProject
Project("{FAE04EC0-301F-11D3-BF4B-00C04F79EFBC}") = "MOCA_Services", "MOCA_Services\MOCA_Services.csproj", "{648ABC71-2441-49BF-A2B8-12065EB123A2}"
EndProject
Project("{FAE04EC0-301F-11D3-BF4B-00C04F79EFBC}") = "MOCA.Api", "MOCA.Api\MOCA.Api.csproj", "{1324AB2A-7308-4CBB-8E32-DD94783E85CE}"
EndProject
Global
	GlobalSection(SolutionConfigurationPlatforms) = preSolution
		Debug|Any CPU = Debug|Any CPU
		Release|Any CPU = Release|Any CPU
	EndGlobalSection
	GlobalSection(ProjectConfigurationPlatforms) = postSolution
		{B809EE95-00E4-43EC-ACB3-D41FE58768B2}.Debug|Any CPU.ActiveCfg = Debug|Any CPU
		{B809EE95-00E4-43EC-ACB3-D41FE58768B2}.Debug|Any CPU.Build.0 = Debug|Any CPU
		{B809EE95-00E4-43EC-ACB3-D41FE58768B2}.Release|Any CPU.ActiveCfg = Release|Any CPU
		{B809EE95-00E4-43EC-ACB3-D41FE58768B2}.Release|Any CPU.Build.0 = Release|Any CPU
		{648ABC71-2441-49BF-A2B8-12065EB123A2}.Debug|Any CPU.ActiveCfg = Debug|Any CPU
		{648ABC71-2441-49BF-A2B8-12065EB123A2}.Debug|Any CPU.Build.0 = Debug|Any CPU
		{648ABC71-2441-49BF-A2B8-12065EB123A2}.Release|Any CPU.ActiveCfg = Release|Any CPU
		{648ABC71-2441-49BF-A2B8-12065EB123A2}.Release|Any CPU.Build.0 = Release|Any CPU
		{1324AB2A-7308-4CBB-8E32-DD94783E85CE}.Debug|Any CPU.ActiveCfg = Debug|Any CPU
		{1324AB2A-7308-4CBB-8E32-DD94783E85CE}.Debug|Any CPU.Build.0 = Debug|Any CPU
		{1324AB2A-7308-4CBB-8E32-DD94783E85CE}.Release|Any CPU.ActiveCfg = Release|Any CPU
		{1324AB2A-7308-4CBB-8E32-DD94783E85CE}.Release|Any CPU.Build.0 = Release|Any CPU
	EndGlobalSection
	GlobalSection(SolutionProperties) = preSolution
		HideSolutionNode = FALSE
	EndGlobalSection
	GlobalSection(ExtensibilityGlobals) = postSolution
		SolutionGuid = {4F1682AB-AF19-4D8F-A3A8-783E7C49C40B}
	EndGlobalSection
EndGlobal
